PODS:
  - boost (1.51.0):
    - boost/graph-includes
    - boost/math-includes
    - boost/numeric-includes
    - boost/pointer_cast-includes
    - boost/preprocessor-includes
    - boost/shared_ptr-includes
    - boost/string_algorithms-includes
  - boost/graph-includes (1.51.0)
  - boost/math-includes (1.51.0)
  - boost/numeric-includes (1.51.0)
  - boost/pointer_cast-includes (1.51.0)
  - boost/preprocessor-includes (1.51.0)
  - boost/shared_ptr-includes (1.51.0)
  - boost/string_algorithms-includes (1.51.0)
  - glm (0.9.4.6)
  - UriParser-cpp (0.1.3)
  - VideoCore (0.1.8.4):
    - boost (~> 1.51.0)
    - glm (~> 0.9.4.6)
    - UriParser-cpp (~> 0.1.3)

DEPENDENCIES:
  - VideoCore (~> 0.1.8)

SPEC CHECKSUMS:
  boost: 581038adda16d11045576013ad27e3eeeabc2d10
  glm: 840dd35fe3cc445935accf81ffd1384dad532ee7
  UriParser-cpp: e6df3fd87445ba4ab37a72acafb4f03bc39db524
  VideoCore: 94ccf800d8527f5252a7c70c696aa81c608f5943

COCOAPODS: 0.33.1
